
Microsoft Visual Studio Solution File, Format Version 12.00
# Visual Studio Version 17
VisualStudioVersion = 17.3.32819.101
MinimumVisualStudioVersion = 10.0.40219.1
Project("{FAE04EC0-301F-11D3-BF4B-00C04F79EFBC}") = "FastRead", "FastRead\FastRead.csproj", "{D1C44A00-5263-4AC3-A9B0-CD5549AD5623}"
EndProject
Global
	GlobalSection(SolutionConfigurationPlatforms) = preSolution
		Debug|Any CPU = Debug|Any CPU
		Release|Any CPU = Release|Any CPU
	EndGlobalSection
	GlobalSection(ProjectConfigurationPlatforms) = postSolution
		{D1C44A00-5263-4AC3-A9B0-CD5549AD5623}.Debug|Any CPU.ActiveCfg = Debug|Any CPU
		{D1C44A00-5263-4AC3-A9B0-CD5549AD5623}.Debug|Any CPU.Build.0 = Debug|Any CPU
		{D1C44A00-5263-4AC3-A9B0-CD5549AD5623}.Release|Any CPU.ActiveCfg = Release|Any CPU
		{D1C44A00-5263-4AC3-A9B0-CD5549AD5623}.Release|Any CPU.Build.0 = Release|Any CPU
	EndGlobalSection
	GlobalSection(SolutionProperties) = preSolution
		HideSolutionNode = FALSE
	EndGlobalSection
	GlobalSection(ExtensibilityGlobals) = postSolution
		SolutionGuid = {F2C99087-13B6-4E3F-A521-2A7567776340}
	EndGlobalSection
EndGlobal
